
Microsoft Visual Studio Solution File, Format Version 12.00
# Visual Studio Version 17
VisualStudioVersion = 17.11.35208.52
MinimumVisualStudioVersion = 10.0.40219.1
Project("{FAE04EC0-301F-11D3-BF4B-00C04F79EFBC}") = "ProyectoSeminarioControlNotas", "ProyectoSeminarioControlNotas\ProyectoSeminarioControlNotas.csproj", "{FC95D0B2-6F4C-4A87-9730-10F10319E4AB}"
EndProject
Global
	GlobalSection(SolutionConfigurationPlatforms) = preSolution
		Debug|Any CPU = Debug|Any CPU
		Release|Any CPU = Release|Any CPU
	EndGlobalSection
	GlobalSection(ProjectConfigurationPlatforms) = postSolution
		{FC95D0B2-6F4C-4A87-9730-10F10319E4AB}.Debug|Any CPU.ActiveCfg = Debug|Any CPU
		{FC95D0B2-6F4C-4A87-9730-10F10319E4AB}.Debug|Any CPU.Build.0 = Debug|Any CPU
		{FC95D0B2-6F4C-4A87-9730-10F10319E4AB}.Release|Any CPU.ActiveCfg = Release|Any CPU
		{FC95D0B2-6F4C-4A87-9730-10F10319E4AB}.Release|Any CPU.Build.0 = Release|Any CPU
	EndGlobalSection
	GlobalSection(SolutionProperties) = preSolution
		HideSolutionNode = FALSE
	EndGlobalSection
	GlobalSection(ExtensibilityGlobals) = postSolution
		SolutionGuid = {A9DDBEA6-9313-44E5-ABB2-FAFD85729EB4}
	EndGlobalSection
EndGlobal
